
Microsoft Visual Studio Solution File, Format Version 12.00
# Visual Studio 15
VisualStudioVersion = 15.0.27703.2042
MinimumVisualStudioVersion = 10.0.40219.1
Project("{FAE04EC0-301F-11D3-BF4B-00C04F79EFBC}") = "UC.WebApi.Tests", "UC.WebApi.Tests\UC.WebApi.Tests.csproj", "{3BE26FDF-2B94-479E-A7D1-B116276124EE}"
EndProject
Global
	GlobalSection(SolutionConfigurationPlatforms) = preSolution
		Debug|Any CPU = Debug|Any CPU
		Release|Any CPU = Release|Any CPU
	EndGlobalSection
	GlobalSection(ProjectConfigurationPlatforms) = postSolution
		{3BE26FDF-2B94-479E-A7D1-B116276124EE}.Debug|Any CPU.ActiveCfg = Debug|Any CPU
		{3BE26FDF-2B94-479E-A7D1-B116276124EE}.Debug|Any CPU.Build.0 = Debug|Any CPU
		{3BE26FDF-2B94-479E-A7D1-B116276124EE}.Release|Any CPU.ActiveCfg = Release|Any CPU
		{3BE26FDF-2B94-479E-A7D1-B116276124EE}.Release|Any CPU.Build.0 = Release|Any CPU
	EndGlobalSection
	GlobalSection(SolutionProperties) = preSolution
		HideSolutionNode = FALSE
	EndGlobalSection
	GlobalSection(ExtensibilityGlobals) = postSolution
		SolutionGuid = {D6ADF8FA-2541-4095-8561-534921C5B6B5}
	EndGlobalSection
EndGlobal
